// !$*UTF8*$!
{
	archiveVersion = 1;
	classes = {
	};
	objectVersion = 46;
	objects = {

/* Begin PBXBuildFile section */
		2ABAFC443F70903EF30E3DA5 /* Pods_newsfeed.framework in Frameworks */ = {isa = PBXBuildFile; fileRef = 31858B59F50A9FA8BD0C28BB /* Pods_newsfeed.framework */; };
		8614C5FE1E968EEA00096161 /* NFFeed.swift in Sources */ = {isa = PBXBuildFile; fileRef = 8614C5FD1E968EEA00096161 /* NFFeed.swift */; };
		8614C6001E96901E00096161 /* NFPeople.swift in Sources */ = {isa = PBXBuildFile; fileRef = 8614C5FF1E96901E00096161 /* NFPeople.swift */; };
		8619C9D21E94ED2400A468D9 /* NFBaseController.swift in Sources */ = {isa = PBXBuildFile; fileRef = 8619C9D11E94ED2400A468D9 /* NFBaseController.swift */; };
		86396FF01E954B7A00FEFDA8 /* NFFeedListController.swift in Sources */ = {isa = PBXBuildFile; fileRef = 86396FEF1E954B7A00FEFDA8 /* NFFeedListController.swift */; };
		866F2ACE1EA2A2B200AE1BED /* NFInfoFeedViewController.swift in Sources */ = {isa = PBXBuildFile; fileRef = 866F2ACD1EA2A2B200AE1BED /* NFInfoFeedViewController.swift */; };
		868102291E9667E400339637 /* LaunchScreen.storyboard in Resources */ = {isa = PBXBuildFile; fileRef = 868102251E9667E400339637 /* LaunchScreen.storyboard */; };
		8681022A1E9667E400339637 /* Main.storyboard in Resources */ = {isa = PBXBuildFile; fileRef = 868102271E9667E400339637 /* Main.storyboard */; };
		86979E611E965D53001B28B8 /* NFFeedListViewController.swift in Sources */ = {isa = PBXBuildFile; fileRef = 86979E5C1E965D53001B28B8 /* NFFeedListViewController.swift */; };
		86979E621E965D53001B28B8 /* NFLoginViewController.swift in Sources */ = {isa = PBXBuildFile; fileRef = 86979E5D1E965D53001B28B8 /* NFLoginViewController.swift */; };
		86A1B2E61E9B946200EDBDB8 /* FeedViewCell.swift in Sources */ = {isa = PBXBuildFile; fileRef = 86A1B2E51E9B946200EDBDB8 /* FeedViewCell.swift */; };
		86B59EC91E93807400A95F67 /* Assets.xcassets in Resources */ = {isa = PBXBuildFile; fileRef = 86B59EC81E93807400A95F67 /* Assets.xcassets */; };
		86B59ED41E9380AD00A95F67 /* GoogleService-Info.plist in Resources */ = {isa = PBXBuildFile; fileRef = 86B59ED31E9380AD00A95F67 /* GoogleService-Info.plist */; };
		86DF70581E965B42009D4285 /* AppDelegate.swift in Sources */ = {isa = PBXBuildFile; fileRef = 86DF70511E965B42009D4285 /* AppDelegate.swift */; };
		86DF70591E965B42009D4285 /* Style.swift in Sources */ = {isa = PBXBuildFile; fileRef = 86DF70531E965B42009D4285 /* Style.swift */; };
		86DF70601E965BAD009D4285 /* OCR-b.ttf in Resources */ = {isa = PBXBuildFile; fileRef = 86DF705E1E965BAD009D4285 /* OCR-b.ttf */; };
		86DF70611E965BAD009D4285 /* rondalo-regular.ttf in Resources */ = {isa = PBXBuildFile; fileRef = 86DF705F1E965BAD009D4285 /* rondalo-regular.ttf */; };
		86F02E251E93B32A008EAC89 /* NFUser.swift in Sources */ = {isa = PBXBuildFile; fileRef = 86F02E241E93B32A008EAC89 /* NFUser.swift */; };
		86F02E291E93DA7B008EAC89 /* NFLoginController.swift in Sources */ = {isa = PBXBuildFile; fileRef = 86F02E281E93DA7B008EAC89 /* NFLoginController.swift */; };
/* End PBXBuildFile section */

/* Begin PBXFileReference section */
		31858B59F50A9FA8BD0C28BB /* Pods_newsfeed.framework */ = {isa = PBXFileReference; explicitFileType = wrapper.framework; includeInIndex = 0; path = Pods_newsfeed.framework; sourceTree = BUILT_PRODUCTS_DIR; };
		8614C5FD1E968EEA00096161 /* NFFeed.swift */ = {isa = PBXFileReference; fileEncoding = 4; lastKnownFileType = sourcecode.swift; path = NFFeed.swift; sourceTree = "<group>"; };
		8614C5FF1E96901E00096161 /* NFPeople.swift */ = {isa = PBXFileReference; fileEncoding = 4; lastKnownFileType = sourcecode.swift; path = NFPeople.swift; sourceTree = "<group>"; };
		8619C9D11E94ED2400A468D9 /* NFBaseController.swift */ = {isa = PBXFileReference; fileEncoding = 4; lastKnownFileType = sourcecode.swift; path = NFBaseController.swift; sourceTree = "<group>"; };
		86396FEF1E954B7A00FEFDA8 /* NFFeedListController.swift */ = {isa = PBXFileReference; fileEncoding = 4; lastKnownFileType = sourcecode.swift; path = NFFeedListController.swift; sourceTree = "<group>"; };
		866F2ACD1EA2A2B200AE1BED /* NFInfoFeedViewController.swift */ = {isa = PBXFileReference; fileEncoding = 4; lastKnownFileType = sourcecode.swift; path = NFInfoFeedViewController.swift; sourceTree = "<group>"; };
		868102261E9667E400339637 /* Base */ = {isa = PBXFileReference; lastKnownFileType = file.storyboard; name = Base; path = newsfeed/Base.lproj/LaunchScreen.storyboard; sourceTree = SOURCE_ROOT; };
		868102281E9667E400339637 /* Base */ = {isa = PBXFileReference; lastKnownFileType = file.storyboard; name = Base; path = newsfeed/Base.lproj/Main.storyboard; sourceTree = SOURCE_ROOT; };
		86979E5C1E965D53001B28B8 /* NFFeedListViewController.swift */ = {isa = PBXFileReference; fileEncoding = 4; lastKnownFileType = sourcecode.swift; path = NFFeedListViewController.swift; sourceTree = "<group>"; };
		86979E5D1E965D53001B28B8 /* NFLoginViewController.swift */ = {isa = PBXFileReference; fileEncoding = 4; lastKnownFileType = sourcecode.swift; path = NFLoginViewController.swift; sourceTree = "<group>"; };
		86A1B2E51E9B946200EDBDB8 /* FeedViewCell.swift */ = {isa = PBXFileReference; fileEncoding = 4; lastKnownFileType = sourcecode.swift; path = FeedViewCell.swift; sourceTree = "<group>"; };
		86B59EBE1E93807400A95F67 /* newsfeed.app */ = {isa = PBXFileReference; explicitFileType = wrapper.application; includeInIndex = 0; path = newsfeed.app; sourceTree = BUILT_PRODUCTS_DIR; };
		86B59EC81E93807400A95F67 /* Assets.xcassets */ = {isa = PBXFileReference; lastKnownFileType = folder.assetcatalog; path = Assets.xcassets; sourceTree = "<group>"; };
		86B59ECD1E93807400A95F67 /* Info.plist */ = {isa = PBXFileReference; lastKnownFileType = text.plist.xml; path = Info.plist; sourceTree = "<group>"; };
		86B59ED31E9380AD00A95F67 /* GoogleService-Info.plist */ = {isa = PBXFileReference; fileEncoding = 4; lastKnownFileType = text.plist.xml; path = "GoogleService-Info.plist"; sourceTree = "<group>"; };
		86DF70511E965B42009D4285 /* AppDelegate.swift */ = {isa = PBXFileReference; fileEncoding = 4; lastKnownFileType = sourcecode.swift; path = AppDelegate.swift; sourceTree = "<group>"; };
		86DF70531E965B42009D4285 /* Style.swift */ = {isa = PBXFileReference; fileEncoding = 4; lastKnownFileType = sourcecode.swift; path = Style.swift; sourceTree = "<group>"; };
		86DF705E1E965BAD009D4285 /* OCR-b.ttf */ = {isa = PBXFileReference; lastKnownFileType = file; path = "OCR-b.ttf"; sourceTree = "<group>"; };
		86DF705F1E965BAD009D4285 /* rondalo-regular.ttf */ = {isa = PBXFileReference; lastKnownFileType = file; path = "rondalo-regular.ttf"; sourceTree = "<group>"; };
		86F02E241E93B32A008EAC89 /* NFUser.swift */ = {isa = PBXFileReference; fileEncoding = 4; lastKnownFileType = sourcecode.swift; path = NFUser.swift; sourceTree = "<group>"; };
		86F02E271E93D8FE008EAC89 /* newsfeed.entitlements */ = {isa = PBXFileReference; lastKnownFileType = text.plist.entitlements; path = newsfeed.entitlements; sourceTree = "<group>"; };
		86F02E281E93DA7B008EAC89 /* NFLoginController.swift */ = {isa = PBXFileReference; fileEncoding = 4; lastKnownFileType = sourcecode.swift; path = NFLoginController.swift; sourceTree = "<group>"; };
		91194A5B8ACC789D57A8EB85 /* Pods-newsfeed.release.xcconfig */ = {isa = PBXFileReference; includeInIndex = 1; lastKnownFileType = text.xcconfig; name = "Pods-newsfeed.release.xcconfig"; path = "Pods/Target Support Files/Pods-newsfeed/Pods-newsfeed.release.xcconfig"; sourceTree = "<group>"; };
		E65F77949221C4132DB463B1 /* Pods-newsfeed.debug.xcconfig */ = {isa = PBXFileReference; includeInIndex = 1; lastKnownFileType = text.xcconfig; name = "Pods-newsfeed.debug.xcconfig"; path = "Pods/Target Support Files/Pods-newsfeed/Pods-newsfeed.debug.xcconfig"; sourceTree = "<group>"; };
/* End PBXFileReference section */

/* Begin PBXFrameworksBuildPhase section */
		86B59EBB1E93807400A95F67 /* Frameworks */ = {
			isa = PBXFrameworksBuildPhase;
			buildActionMask = 2147483647;
			files = (
				2ABAFC443F70903EF30E3DA5 /* Pods_newsfeed.framework in Frameworks */,
			);
			runOnlyForDeploymentPostprocessing = 0;
		};
/* End PBXFrameworksBuildPhase section */

/* Begin PBXGroup section */
		1F2AE53D999FB56F7DA0C62A /* Pods */ = {
			isa = PBXGroup;
			children = (
				E65F77949221C4132DB463B1 /* Pods-newsfeed.debug.xcconfig */,
				91194A5B8ACC789D57A8EB85 /* Pods-newsfeed.release.xcconfig */,
			);
			name = Pods;
			sourceTree = "<group>";
		};
		7DE1CA6F8A2F9AA1B2F46C0C /* Frameworks */ = {
			isa = PBXGroup;
			children = (
				31858B59F50A9FA8BD0C28BB /* Pods_newsfeed.framework */,
			);
			name = Frameworks;
			sourceTree = "<group>";
		};
		86979E581E965D53001B28B8 /* Views */ = {
			isa = PBXGroup;
			children = (
				868102251E9667E400339637 /* LaunchScreen.storyboard */,
				868102271E9667E400339637 /* Main.storyboard */,
				86979E5C1E965D53001B28B8 /* NFFeedListViewController.swift */,
				86979E5D1E965D53001B28B8 /* NFLoginViewController.swift */,
				866F2ACD1EA2A2B200AE1BED /* NFInfoFeedViewController.swift */,
			);
			path = Views;
			sourceTree = "<group>";
		};
		86A1B2E41E9B944100EDBDB8 /* Components */ = {
			isa = PBXGroup;
			children = (
				86A1B2E51E9B946200EDBDB8 /* FeedViewCell.swift */,
			);
			path = Components;
			sourceTree = "<group>";
		};
		86B59EB51E93807400A95F67 = {
			isa = PBXGroup;
			children = (
				86B59EC01E93807400A95F67 /* newsfeed */,
				86B59EBF1E93807400A95F67 /* Products */,
				1F2AE53D999FB56F7DA0C62A /* Pods */,
				7DE1CA6F8A2F9AA1B2F46C0C /* Frameworks */,
			);
			sourceTree = "<group>";
		};
		86B59EBF1E93807400A95F67 /* Products */ = {
			isa = PBXGroup;
			children = (
				86B59EBE1E93807400A95F67 /* newsfeed.app */,
			);
			name = Products;
			sourceTree = "<group>";
		};
		86B59EC01E93807400A95F67 /* newsfeed */ = {
			isa = PBXGroup;
			children = (
				86A1B2E41E9B944100EDBDB8 /* Components */,
				86F02E211E93B2A9008EAC89 /* Models */,
				86979E581E965D53001B28B8 /* Views */,
				86F02E261E93BB9C008EAC89 /* Controllers */,
				86DF70501E965B42009D4285 /* Others */,
				86DF70521E965B42009D4285 /* Utils */,
				86B59EC81E93807400A95F67 /* Assets.xcassets */,
				86B59ECD1E93807400A95F67 /* Info.plist */,
				86B59ED31E9380AD00A95F67 /* GoogleService-Info.plist */,
				86F02E271E93D8FE008EAC89 /* newsfeed.entitlements */,
			);
			path = newsfeed;
			sourceTree = "<group>";
		};
		86DF70501E965B42009D4285 /* Others */ = {
			isa = PBXGroup;
			children = (
				86DF70511E965B42009D4285 /* AppDelegate.swift */,
			);
			name = Others;
			path = Models/Others;
			sourceTree = "<group>";
		};
		86DF70521E965B42009D4285 /* Utils */ = {
			isa = PBXGroup;
			children = (
				86DF705D1E965BAD009D4285 /* Fonts */,
				86DF70531E965B42009D4285 /* Style.swift */,
			);
			name = Utils;
			path = Models/Utils;
			sourceTree = "<group>";
		};
		86DF705D1E965BAD009D4285 /* Fonts */ = {
			isa = PBXGroup;
			children = (
				86DF705E1E965BAD009D4285 /* OCR-b.ttf */,
				86DF705F1E965BAD009D4285 /* rondalo-regular.ttf */,
			);
			path = Fonts;
			sourceTree = "<group>";
		};
		86F02E211E93B2A9008EAC89 /* Models */ = {
			isa = PBXGroup;
			children = (
				86F02E241E93B32A008EAC89 /* NFUser.swift */,
				8614C5FD1E968EEA00096161 /* NFFeed.swift */,
				8614C5FF1E96901E00096161 /* NFPeople.swift */,
			);
			path = Models;
			sourceTree = "<group>";
		};
		86F02E261E93BB9C008EAC89 /* Controllers */ = {
			isa = PBXGroup;
			children = (
				86F02E281E93DA7B008EAC89 /* NFLoginController.swift */,
				8619C9D11E94ED2400A468D9 /* NFBaseController.swift */,
				86396FEF1E954B7A00FEFDA8 /* NFFeedListController.swift */,
			);
			path = Controllers;
			sourceTree = "<group>";
		};
/* End PBXGroup section */

/* Begin PBXNativeTarget section */
		86B59EBD1E93807400A95F67 /* newsfeed */ = {
			isa = PBXNativeTarget;
			buildConfigurationList = 86B59ED01E93807400A95F67 /* Build configuration list for PBXNativeTarget "newsfeed" */;
			buildPhases = (
				6EEA65E0E8224CD14E92139A /* [CP] Check Pods Manifest.lock */,
				C8B92DD53C5439AC6632C32D /* [CP] Check Pods Manifest.lock */,
				86B59EBA1E93807400A95F67 /* Sources */,
				86B59EBB1E93807400A95F67 /* Frameworks */,
				86B59EBC1E93807400A95F67 /* Resources */,
				5691E1030608A3206AB52455 /* [CP] Embed Pods Frameworks */,
				100725CF2670E1BE183C3DBD /* [CP] Copy Pods Resources */,
				6296B045EC6B1E0DCA4D1F0B /* 📦 Embed Pods Frameworks */,
				49B7620774FC8B1E0BCAF206 /* 📦 Copy Pods Resources */,
			);
			buildRules = (
			);
			dependencies = (
			);
			name = newsfeed;
			productName = newsfeed;
			productReference = 86B59EBE1E93807400A95F67 /* newsfeed.app */;
			productType = "com.apple.product-type.application";
		};
/* End PBXNativeTarget section */

/* Begin PBXProject section */
		86B59EB61E93807400A95F67 /* Project object */ = {
			isa = PBXProject;
			attributes = {
				LastSwiftUpdateCheck = 0820;
				LastUpgradeCheck = 0820;
				ORGANIZATIONNAME = "Daniel Martin Jimenez";
				TargetAttributes = {
					86B59EBD1E93807400A95F67 = {
						CreatedOnToolsVersion = 8.2.1;
						DevelopmentTeam = HLC2ZTTHKH;
						ProvisioningStyle = Automatic;
						SystemCapabilities = {
							com.apple.Keychain = {
								enabled = 1;
							};
						};
					};
				};
			};
			buildConfigurationList = 86B59EB91E93807400A95F67 /* Build configuration list for PBXProject "newsfeed" */;
			compatibilityVersion = "Xcode 3.2";
			developmentRegion = English;
			hasScannedForEncodings = 0;
			knownRegions = (
				en,
				Base,
			);
			mainGroup = 86B59EB51E93807400A95F67;
			productRefGroup = 86B59EBF1E93807400A95F67 /* Products */;
			projectDirPath = "";
			projectRoot = "";
			targets = (
				86B59EBD1E93807400A95F67 /* newsfeed */,
			);
		};
/* End PBXProject section */

/* Begin PBXResourcesBuildPhase section */
		86B59EBC1E93807400A95F67 /* Resources */ = {
			isa = PBXResourcesBuildPhase;
			buildActionMask = 2147483647;
			files = (
				86DF70601E965BAD009D4285 /* OCR-b.ttf in Resources */,
				86DF70611E965BAD009D4285 /* rondalo-regular.ttf in Resources */,
				86B59ED41E9380AD00A95F67 /* GoogleService-Info.plist in Resources */,
				8681022A1E9667E400339637 /* Main.storyboard in Resources */,
				868102291E9667E400339637 /* LaunchScreen.storyboard in Resources */,
				86B59EC91E93807400A95F67 /* Assets.xcassets in Resources */,
			);
			runOnlyForDeploymentPostprocessing = 0;
		};
/* End PBXResourcesBuildPhase section */

/* Begin PBXShellScriptBuildPhase section */
		100725CF2670E1BE183C3DBD /* [CP] Copy Pods Resources */ = {
			isa = PBXShellScriptBuildPhase;
			buildActionMask = 2147483647;
			files = (
			);
			inputPaths = (
			);
			name = "[CP] Copy Pods Resources";
			outputPaths = (
			);
			runOnlyForDeploymentPostprocessing = 0;
			shellPath = /bin/sh;
			shellScript = "\"${SRCROOT}/Pods/Target Support Files/Pods-newsfeed/Pods-newsfeed-resources.sh\"\n";
			showEnvVarsInLog = 0;
		};
		49B7620774FC8B1E0BCAF206 /* 📦 Copy Pods Resources */ = {
			isa = PBXShellScriptBuildPhase;
			buildActionMask = 2147483647;
			files = (
			);
			inputPaths = (
			);
			name = "📦 Copy Pods Resources";
			outputPaths = (
			);
			runOnlyForDeploymentPostprocessing = 0;
			shellPath = /bin/sh;
			shellScript = "\"${SRCROOT}/Pods/Target Support Files/Pods-newsfeed/Pods-newsfeed-resources.sh\"\n";
			showEnvVarsInLog = 0;
		};
		5691E1030608A3206AB52455 /* [CP] Embed Pods Frameworks */ = {
			isa = PBXShellScriptBuildPhase;
			buildActionMask = 2147483647;
			files = (
			);
			inputPaths = (
			);
			name = "[CP] Embed Pods Frameworks";
			outputPaths = (
			);
			runOnlyForDeploymentPostprocessing = 0;
			shellPath = /bin/sh;
			shellScript = "\"${SRCROOT}/Pods/Target Support Files/Pods-newsfeed/Pods-newsfeed-frameworks.sh\"\n";
			showEnvVarsInLog = 0;
		};
		6296B045EC6B1E0DCA4D1F0B /* 📦 Embed Pods Frameworks */ = {
			isa = PBXShellScriptBuildPhase;
			buildActionMask = 2147483647;
			files = (
			);
			inputPaths = (
			);
			name = "📦 Embed Pods Frameworks";
			outputPaths = (
			);
			runOnlyForDeploymentPostprocessing = 0;
			shellPath = /bin/sh;
			shellScript = "\"${SRCROOT}/Pods/Target Support Files/Pods-newsfeed/Pods-newsfeed-frameworks.sh\"\n";
			showEnvVarsInLog = 0;
		};
		6EEA65E0E8224CD14E92139A /* [CP] Check Pods Manifest.lock */ = {
			isa = PBXShellScriptBuildPhase;
			buildActionMask = 2147483647;
			files = (
			);
			inputPaths = (
			);
			name = "[CP] Check Pods Manifest.lock";
			outputPaths = (
			);
			runOnlyForDeploymentPostprocessing = 0;
			shellPath = /bin/sh;
			shellScript = "diff \"${PODS_ROOT}/../Podfile.lock\" \"${PODS_ROOT}/Manifest.lock\" > /dev/null\nif [ $? != 0 ] ; then\n    # print error to STDERR\n    echo \"error: The sandbox is not in sync with the Podfile.lock. Run 'pod install' or update your CocoaPods installation.\" >&2\n    exit 1\nfi\n";
			showEnvVarsInLog = 0;
		};
		C8B92DD53C5439AC6632C32D /* [CP] Check Pods Manifest.lock */ = {
			isa = PBXShellScriptBuildPhase;
			buildActionMask = 2147483647;
			files = (
			);
			inputPaths = (
			);
			name = "[CP] Check Pods Manifest.lock";
			outputPaths = (
			);
			runOnlyForDeploymentPostprocessing = 0;
			shellPath = /bin/sh;
			shellScript = "diff \"${PODS_ROOT}/../Podfile.lock\" \"${PODS_ROOT}/Manifest.lock\" > /dev/null\nif [ $? != 0 ] ; then\n    # print error to STDERR\n    echo \"error: The sandbox is not in sync with the Podfile.lock. Run 'pod install' or update your CocoaPods installation.\" >&2\n    exit 1\nfi\n";
			showEnvVarsInLog = 0;
		};
/* End PBXShellScriptBuildPhase section */

/* Begin PBXSourcesBuildPhase section */
		86B59EBA1E93807400A95F67 /* Sources */ = {
			isa = PBXSourcesBuildPhase;
			buildActionMask = 2147483647;
			files = (
				86979E621E965D53001B28B8 /* NFLoginViewController.swift in Sources */,
				8614C5FE1E968EEA00096161 /* NFFeed.swift in Sources */,
				8619C9D21E94ED2400A468D9 /* NFBaseController.swift in Sources */,
				86DF70591E965B42009D4285 /* Style.swift in Sources */,
				866F2ACE1EA2A2B200AE1BED /* NFInfoFeedViewController.swift in Sources */,
				86F02E291E93DA7B008EAC89 /* NFLoginController.swift in Sources */,
				86396FF01E954B7A00FEFDA8 /* NFFeedListController.swift in Sources */,
				86979E611E965D53001B28B8 /* NFFeedListViewController.swift in Sources */,
				86DF70581E965B42009D4285 /* AppDelegate.swift in Sources */,
				86A1B2E61E9B946200EDBDB8 /* FeedViewCell.swift in Sources */,
				86F02E251E93B32A008EAC89 /* NFUser.swift in Sources */,
				8614C6001E96901E00096161 /* NFPeople.swift in Sources */,
			);
			runOnlyForDeploymentPostprocessing = 0;
		};
/* End PBXSourcesBuildPhase section */

/* Begin PBXVariantGroup section */
		868102251E9667E400339637 /* LaunchScreen.storyboard */ = {
			isa = PBXVariantGroup;
			children = (
				868102261E9667E400339637 /* Base */,
			);
			name = LaunchScreen.storyboard;
			sourceTree = "<group>";
		};
		868102271E9667E400339637 /* Main.storyboard */ = {
			isa = PBXVariantGroup;
			children = (
				868102281E9667E400339637 /* Base */,
			);
			name = Main.storyboard;
			sourceTree = "<group>";
		};
/* End PBXVariantGroup section */

/* Begin XCBuildConfiguration section */
		86B59ECE1E93807400A95F67 /* Debug */ = {
			isa = XCBuildConfiguration;
			buildSettings = {
				ALWAYS_SEARCH_USER_PATHS = NO;
				CLANG_ANALYZER_NONNULL = YES;
				CLANG_CXX_LANGUAGE_STANDARD = "gnu++0x";
				CLANG_CXX_LIBRARY = "libc++";
				CLANG_ENABLE_MODULES = YES;
				CLANG_ENABLE_OBJC_ARC = YES;
				CLANG_WARN_BOOL_CONVERSION = YES;
				CLANG_WARN_CONSTANT_CONVERSION = YES;
				CLANG_WARN_DIRECT_OBJC_ISA_USAGE = YES_ERROR;
				CLANG_WARN_DOCUMENTATION_COMMENTS = YES;
				CLANG_WARN_EMPTY_BODY = YES;
				CLANG_WARN_ENUM_CONVERSION = YES;
				CLANG_WARN_INFINITE_RECURSION = YES;
				CLANG_WARN_INT_CONVERSION = YES;
				CLANG_WARN_OBJC_ROOT_CLASS = YES_ERROR;
				CLANG_WARN_SUSPICIOUS_MOVE = YES;
				CLANG_WARN_UNREACHABLE_CODE = YES;
				CLANG_WARN__DUPLICATE_METHOD_MATCH = YES;
				"CODE_SIGN_IDENTITY[sdk=iphoneos*]" = "iPhone Developer";
				COPY_PHASE_STRIP = NO;
				DEBUG_INFORMATION_FORMAT = dwarf;
				ENABLE_STRICT_OBJC_MSGSEND = YES;
				ENABLE_TESTABILITY = YES;
				GCC_C_LANGUAGE_STANDARD = gnu99;
				GCC_DYNAMIC_NO_PIC = NO;
				GCC_NO_COMMON_BLOCKS = YES;
				GCC_OPTIMIZATION_LEVEL = 0;
				GCC_PREPROCESSOR_DEFINITIONS = (
					"DEBUG=1",
					"$(inherited)",
				);
				GCC_WARN_64_TO_32_BIT_CONVERSION = YES;
				GCC_WARN_ABOUT_RETURN_TYPE = YES_ERROR;
				GCC_WARN_UNDECLARED_SELECTOR = YES;
				GCC_WARN_UNINITIALIZED_AUTOS = YES_AGGRESSIVE;
				GCC_WARN_UNUSED_FUNCTION = YES;
				GCC_WARN_UNUSED_VARIABLE = YES;
				IPHONEOS_DEPLOYMENT_TARGET = 10.2;
				MTL_ENABLE_DEBUG_INFO = YES;
				ONLY_ACTIVE_ARCH = YES;
				SDKROOT = iphoneos;
				SWIFT_ACTIVE_COMPILATION_CONDITIONS = DEBUG;
				SWIFT_OPTIMIZATION_LEVEL = "-Onone";
			};
			name = Debug;
		};
		86B59ECF1E93807400A95F67 /* Release */ = {
			isa = XCBuildConfiguration;
			buildSettings = {
				ALWAYS_SEARCH_USER_PATHS = NO;
				CLANG_ANALYZER_NONNULL = YES;
				CLANG_CXX_LANGUAGE_STANDARD = "gnu++0x";
				CLANG_CXX_LIBRARY = "libc++";
				CLANG_ENABLE_MODULES = YES;
				CLANG_ENABLE_OBJC_ARC = YES;
				CLANG_WARN_BOOL_CONVERSION = YES;
				CLANG_WARN_CONSTANT_CONVERSION = YES;
				CLANG_WARN_DIRECT_OBJC_ISA_USAGE = YES_ERROR;
				CLANG_WARN_DOCUMENTATION_COMMENTS = YES;
				CLANG_WARN_EMPTY_BODY = YES;
				CLANG_WARN_ENUM_CONVERSION = YES;
				CLANG_WARN_INFINITE_RECURSION = YES;
				CLANG_WARN_INT_CONVERSION = YES;
				CLANG_WARN_OBJC_ROOT_CLASS = YES_ERROR;
				CLANG_WARN_SUSPICIOUS_MOVE = YES;
				CLANG_WARN_UNREACHABLE_CODE = YES;
				CLANG_WARN__DUPLICATE_METHOD_MATCH = YES;
				"CODE_SIGN_IDENTITY[sdk=iphoneos*]" = "iPhone Developer";
				COPY_PHASE_STRIP = NO;
				DEBUG_INFORMATION_FORMAT = "dwarf-with-dsym";
				ENABLE_NS_ASSERTIONS = NO;
				ENABLE_STRICT_OBJC_MSGSEND = YES;
				GCC_C_LANGUAGE_STANDARD = gnu99;
				GCC_NO_COMMON_BLOCKS = YES;
				GCC_WARN_64_TO_32_BIT_CONVERSION = YES;
				GCC_WARN_ABOUT_RETURN_TYPE = YES_ERROR;
				GCC_WARN_UNDECLARED_SELECTOR = YES;
				GCC_WARN_UNINITIALIZED_AUTOS = YES_AGGRESSIVE;
				GCC_WARN_UNUSED_FUNCTION = YES;
				GCC_WARN_UNUSED_VARIABLE = YES;
				IPHONEOS_DEPLOYMENT_TARGET = 10.2;
				MTL_ENABLE_DEBUG_INFO = NO;
				SDKROOT = iphoneos;
				SWIFT_OPTIMIZATION_LEVEL = "-Owholemodule";
				VALIDATE_PRODUCT = YES;
			};
			name = Release;
		};
		86B59ED11E93807400A95F67 /* Debug */ = {
			isa = XCBuildConfiguration;
			baseConfigurationReference = E65F77949221C4132DB463B1 /* Pods-newsfeed.debug.xcconfig */;
			buildSettings = {
				ALWAYS_EMBED_SWIFT_STANDARD_LIBRARIES = YES;
				ASSETCATALOG_COMPILER_APPICON_NAME = AppIcon;
				CODE_SIGN_ENTITLEMENTS = newsfeed/newsfeed.entitlements;
				DEVELOPMENT_TEAM = HLC2ZTTHKH;
				INFOPLIST_FILE = newsfeed/Info.plist;
				IPHONEOS_DEPLOYMENT_TARGET = 10.1;
				LD_RUNPATH_SEARCH_PATHS = "$(inherited) @executable_path/Frameworks";
				PRODUCT_BUNDLE_IDENTIFIER = com.dmj.newsfeed;
				PRODUCT_NAME = "$(TARGET_NAME)";
				SWIFT_VERSION = 3.0;
			};
			name = Debug;
		};
		86B59ED21E93807400A95F67 /* Release */ = {
			isa = XCBuildConfiguration;
			baseConfigurationReference = 91194A5B8ACC789D57A8EB85 /* Pods-newsfeed.release.xcconfig */;
			buildSettings = {
				ALWAYS_EMBED_SWIFT_STANDARD_LIBRARIES = YES;
				ASSETCATALOG_COMPILER_APPICON_NAME = AppIcon;
				CODE_SIGN_ENTITLEMENTS = newsfeed/newsfeed.entitlements;
				DEVELOPMENT_TEAM = HLC2ZTTHKH;
				INFOPLIST_FILE = newsfeed/Info.plist;
				IPHONEOS_DEPLOYMENT_TARGET = 10.1;
				LD_RUNPATH_SEARCH_PATHS = "$(inherited) @executable_path/Frameworks";
				PRODUCT_BUNDLE_IDENTIFIER = com.dmj.newsfeed;
				PRODUCT_NAME = "$(TARGET_NAME)";
				SWIFT_VERSION = 3.0;
			};
			name = Release;
		};
/* End XCBuildConfiguration section */

/* Begin XCConfigurationList section */
		86B59EB91E93807400A95F67 /* Build configuration list for PBXProject "newsfeed" */ = {
			isa = XCConfigurationList;
			buildConfigurations = (
				86B59ECE1E93807400A95F67 /* Debug */,
				86B59ECF1E93807400A95F67 /* Release */,
			);
			defaultConfigurationIsVisible = 0;
			defaultConfigurationName = Release;
		};
		86B59ED01E93807400A95F67 /* Build configuration list for PBXNativeTarget "newsfeed" */ = {
			isa = XCConfigurationList;
			buildConfigurations = (
				86B59ED11E93807400A95F67 /* Debug */,
				86B59ED21E93807400A95F67 /* Release */,
			);
			defaultConfigurationIsVisible = 0;
			defaultConfigurationName = Release;
		};
/* End XCConfigurationList section */
	};
	rootObject = 86B59EB61E93807400A95F67 /* Project object */;
}
